# This file is automatically @generated by Cargo.
# It is not intended for manual editing.
version = 3

[[package]]
name = "domain"
version = "0.1.0"

[[package]]
name = "driver"
version = "0.1.0"

[[package]]
name = "gateway"
version = "0.1.0"

[[package]]
name = "tic-tac-toe-rust"
version = "0.1.0"
dependencies = [
 "domain",
 "driver",
 "gateway",
 "ui",
 "usecase",
]

[[package]]
name = "ui"
version = "0.1.0"

[[package]]
name = "usecase"
version = "0.1.0"
